
Microsoft Visual Studio Solution File, Format Version 12.00
# Visual Studio Version 17
VisualStudioVersion = 17.4.33213.308
MinimumVisualStudioVersion = 10.0.40219.1
Project("{9A19103F-16F7-4668-BE54-9A1E7A4F7556}") = "SalesAPI.Domain", "SalesAPI.Domain\SalesAPI.Domain.csproj", "{A66C7EF9-D8B3-42EF-ADD8-9178A079261F}"
EndProject
Project("{9A19103F-16F7-4668-BE54-9A1E7A4F7556}") = "SalesAPI.Infra.CrossCutting.Bus", "SalesAPI.Infra.CrossCutting.Bus\SalesAPI.Infra.CrossCutting.Bus.csproj", "{94DF2BE2-2DC4-42C1-A1B5-1A215CBE9A3B}"
EndProject
Project("{9A19103F-16F7-4668-BE54-9A1E7A4F7556}") = "SalesAPI.Infra.Data", "SalesAPI.Infra.Data\SalesAPI.Infra.Data.csproj", "{084A789B-699C-4C52-ADDF-7436704FE181}"
EndProject
Project("{9A19103F-16F7-4668-BE54-9A1E7A4F7556}") = "SalesAPI.Application", "SalesAPI.Application\SalesAPI.Application.csproj", "{D288959C-BE17-47AB-92B0-C4442D0A796A}"
EndProject
Project("{9A19103F-16F7-4668-BE54-9A1E7A4F7556}") = "SalesAPI.Services.API", "SalesAPI.Services.API\SalesAPI.Services.API.csproj", "{425A40B2-389F-4687-BA9E-51B6F6C30DBA}"
EndProject
Project("{9A19103F-16F7-4668-BE54-9A1E7A4F7556}") = "SalesAPI.UnitTests", "SalesAPI.UnitTests\SalesAPI.UnitTests.csproj", "{B3AFB1B3-C0D5-4F59-847A-31BB0CDD65B4}"
EndProject
Project("{2150E333-8FDC-42A3-9474-1A3956D46DE8}") = "0 - Services", "0 - Services", "{B9435A0E-2CC8-420E-85CD-3A9817D196CA}"
EndProject
Project("{2150E333-8FDC-42A3-9474-1A3956D46DE8}") = "1 - Application", "1 - Application", "{BDF38422-9FEA-41C4-8901-A0983DE972C4}"
EndProject
Project("{2150E333-8FDC-42A3-9474-1A3956D46DE8}") = "2 - Domain", "2 - Domain", "{9AE74855-5888-4032-A94A-1C8AF4F52FF4}"
EndProject
Project("{2150E333-8FDC-42A3-9474-1A3956D46DE8}") = "3 - Infraestructure", "3 - Infraestructure", "{014547A0-1F93-4911-9DD9-2FF6D32DA36B}"
EndProject
Project("{2150E333-8FDC-42A3-9474-1A3956D46DE8}") = "4 - Tests", "4 - Tests", "{05EB2399-0460-41EF-A8DE-0DB77C55B093}"
EndProject
Project("{9A19103F-16F7-4668-BE54-9A1E7A4F7556}") = "SalesAPI.Infra.CrossCutting.IoC", "SalesAPI.Infra.CrossCutting.IoC\SalesAPI.Infra.CrossCutting.IoC.csproj", "{9DC63D58-8EA1-4B42-A7E7-772EF82A4B08}"
EndProject
Project("{2150E333-8FDC-42A3-9474-1A3956D46DE8}") = "SalesAPI", "SalesAPI", "{DA1191D4-8E84-401C-A158-761713B21770}"
EndProject
Project("{2150E333-8FDC-42A3-9474-1A3956D46DE8}") = "ProductsAPI", "ProductsAPI", "{D32D9796-64D7-47BC-B750-D95888F69C70}"
EndProject
Project("{9A19103F-16F7-4668-BE54-9A1E7A4F7556}") = "ProductsAPI.Services.API", "..\ProductsAPI\ProductsAPI.Services.API\ProductsAPI.Services.API.csproj", "{D0463BDC-E73B-464A-9E76-79A7D0B5326B}"
EndProject
Project("{FAE04EC0-301F-11D3-BF4B-00C04F79EFBC}") = "SalesReports", "SalesReports\SalesReports.csproj", "{640D1017-B5D1-4F31-9108-FFE2352F2F48}"
EndProject
Global
	GlobalSection(SolutionConfigurationPlatforms) = preSolution
		Debug|Any CPU = Debug|Any CPU
		Release|Any CPU = Release|Any CPU
	EndGlobalSection
	GlobalSection(ProjectConfigurationPlatforms) = postSolution
		{A66C7EF9-D8B3-42EF-ADD8-9178A079261F}.Debug|Any CPU.ActiveCfg = Debug|Any CPU
		{A66C7EF9-D8B3-42EF-ADD8-9178A079261F}.Debug|Any CPU.Build.0 = Debug|Any CPU
		{A66C7EF9-D8B3-42EF-ADD8-9178A079261F}.Release|Any CPU.ActiveCfg = Release|Any CPU
		{A66C7EF9-D8B3-42EF-ADD8-9178A079261F}.Release|Any CPU.Build.0 = Release|Any CPU
		{94DF2BE2-2DC4-42C1-A1B5-1A215CBE9A3B}.Debug|Any CPU.ActiveCfg = Debug|Any CPU
		{94DF2BE2-2DC4-42C1-A1B5-1A215CBE9A3B}.Debug|Any CPU.Build.0 = Debug|Any CPU
		{94DF2BE2-2DC4-42C1-A1B5-1A215CBE9A3B}.Release|Any CPU.ActiveCfg = Release|Any CPU
		{94DF2BE2-2DC4-42C1-A1B5-1A215CBE9A3B}.Release|Any CPU.Build.0 = Release|Any CPU
		{084A789B-699C-4C52-ADDF-7436704FE181}.Debug|Any CPU.ActiveCfg = Debug|Any CPU
		{084A789B-699C-4C52-ADDF-7436704FE181}.Debug|Any CPU.Build.0 = Debug|Any CPU
		{084A789B-699C-4C52-ADDF-7436704FE181}.Release|Any CPU.ActiveCfg = Release|Any CPU
		{084A789B-699C-4C52-ADDF-7436704FE181}.Release|Any CPU.Build.0 = Release|Any CPU
		{D288959C-BE17-47AB-92B0-C4442D0A796A}.Debug|Any CPU.ActiveCfg = Debug|Any CPU
		{D288959C-BE17-47AB-92B0-C4442D0A796A}.Debug|Any CPU.Build.0 = Debug|Any CPU
		{D288959C-BE17-47AB-92B0-C4442D0A796A}.Release|Any CPU.ActiveCfg = Release|Any CPU
		{D288959C-BE17-47AB-92B0-C4442D0A796A}.Release|Any CPU.Build.0 = Release|Any CPU
		{425A40B2-389F-4687-BA9E-51B6F6C30DBA}.Debug|Any CPU.ActiveCfg = Debug|Any CPU
		{425A40B2-389F-4687-BA9E-51B6F6C30DBA}.Debug|Any CPU.Build.0 = Debug|Any CPU
		{425A40B2-389F-4687-BA9E-51B6F6C30DBA}.Release|Any CPU.ActiveCfg = Release|Any CPU
		{425A40B2-389F-4687-BA9E-51B6F6C30DBA}.Release|Any CPU.Build.0 = Release|Any CPU
		{B3AFB1B3-C0D5-4F59-847A-31BB0CDD65B4}.Debug|Any CPU.ActiveCfg = Debug|Any CPU
		{B3AFB1B3-C0D5-4F59-847A-31BB0CDD65B4}.Debug|Any CPU.Build.0 = Debug|Any CPU
		{B3AFB1B3-C0D5-4F59-847A-31BB0CDD65B4}.Release|Any CPU.ActiveCfg = Release|Any CPU
		{B3AFB1B3-C0D5-4F59-847A-31BB0CDD65B4}.Release|Any CPU.Build.0 = Release|Any CPU
		{9DC63D58-8EA1-4B42-A7E7-772EF82A4B08}.Debug|Any CPU.ActiveCfg = Debug|Any CPU
		{9DC63D58-8EA1-4B42-A7E7-772EF82A4B08}.Debug|Any CPU.Build.0 = Debug|Any CPU
		{9DC63D58-8EA1-4B42-A7E7-772EF82A4B08}.Release|Any CPU.ActiveCfg = Release|Any CPU
		{9DC63D58-8EA1-4B42-A7E7-772EF82A4B08}.Release|Any CPU.Build.0 = Release|Any CPU
		{D0463BDC-E73B-464A-9E76-79A7D0B5326B}.Debug|Any CPU.ActiveCfg = Debug|Any CPU
		{D0463BDC-E73B-464A-9E76-79A7D0B5326B}.Debug|Any CPU.Build.0 = Debug|Any CPU
		{D0463BDC-E73B-464A-9E76-79A7D0B5326B}.Release|Any CPU.ActiveCfg = Release|Any CPU
		{D0463BDC-E73B-464A-9E76-79A7D0B5326B}.Release|Any CPU.Build.0 = Release|Any CPU
		{640D1017-B5D1-4F31-9108-FFE2352F2F48}.Debug|Any CPU.ActiveCfg = Debug|Any CPU
		{640D1017-B5D1-4F31-9108-FFE2352F2F48}.Debug|Any CPU.Build.0 = Debug|Any CPU
		{640D1017-B5D1-4F31-9108-FFE2352F2F48}.Release|Any CPU.ActiveCfg = Release|Any CPU
		{640D1017-B5D1-4F31-9108-FFE2352F2F48}.Release|Any CPU.Build.0 = Release|Any CPU
	EndGlobalSection
	GlobalSection(SolutionProperties) = preSolution
		HideSolutionNode = FALSE
	EndGlobalSection
	GlobalSection(NestedProjects) = preSolution
		{A66C7EF9-D8B3-42EF-ADD8-9178A079261F} = {9AE74855-5888-4032-A94A-1C8AF4F52FF4}
		{94DF2BE2-2DC4-42C1-A1B5-1A215CBE9A3B} = {014547A0-1F93-4911-9DD9-2FF6D32DA36B}
		{084A789B-699C-4C52-ADDF-7436704FE181} = {014547A0-1F93-4911-9DD9-2FF6D32DA36B}
		{D288959C-BE17-47AB-92B0-C4442D0A796A} = {BDF38422-9FEA-41C4-8901-A0983DE972C4}
		{425A40B2-389F-4687-BA9E-51B6F6C30DBA} = {B9435A0E-2CC8-420E-85CD-3A9817D196CA}
		{B3AFB1B3-C0D5-4F59-847A-31BB0CDD65B4} = {05EB2399-0460-41EF-A8DE-0DB77C55B093}
		{B9435A0E-2CC8-420E-85CD-3A9817D196CA} = {DA1191D4-8E84-401C-A158-761713B21770}
		{BDF38422-9FEA-41C4-8901-A0983DE972C4} = {DA1191D4-8E84-401C-A158-761713B21770}
		{9AE74855-5888-4032-A94A-1C8AF4F52FF4} = {DA1191D4-8E84-401C-A158-761713B21770}
		{014547A0-1F93-4911-9DD9-2FF6D32DA36B} = {DA1191D4-8E84-401C-A158-761713B21770}
		{05EB2399-0460-41EF-A8DE-0DB77C55B093} = {DA1191D4-8E84-401C-A158-761713B21770}
		{9DC63D58-8EA1-4B42-A7E7-772EF82A4B08} = {014547A0-1F93-4911-9DD9-2FF6D32DA36B}
		{D0463BDC-E73B-464A-9E76-79A7D0B5326B} = {D32D9796-64D7-47BC-B750-D95888F69C70}
		{640D1017-B5D1-4F31-9108-FFE2352F2F48} = {B9435A0E-2CC8-420E-85CD-3A9817D196CA}
	EndGlobalSection
	GlobalSection(ExtensibilityGlobals) = postSolution
		SolutionGuid = {19D8FF14-F9BD-41B0-9C2C-D300B4693CDD}
	EndGlobalSection
EndGlobal
