
Microsoft Visual Studio Solution File, Format Version 12.00
# Visual Studio Version 17
VisualStudioVersion = 17.4.33213.308
MinimumVisualStudioVersion = 10.0.40219.1
Project("{FAE04EC0-301F-11D3-BF4B-00C04F79EFBC}") = "PortalWebVendas.BFF.API", "PortalWebVendas.BFF.API\PortalWebVendas.BFF.API.csproj", "{B9D1CDB6-8FEF-494A-8786-66AE98AAD6B0}"
EndProject
Global
	GlobalSection(SolutionConfigurationPlatforms) = preSolution
		Debug|Any CPU = Debug|Any CPU
		Release|Any CPU = Release|Any CPU
	EndGlobalSection
	GlobalSection(ProjectConfigurationPlatforms) = postSolution
		{B9D1CDB6-8FEF-494A-8786-66AE98AAD6B0}.Debug|Any CPU.ActiveCfg = Debug|Any CPU
		{B9D1CDB6-8FEF-494A-8786-66AE98AAD6B0}.Debug|Any CPU.Build.0 = Debug|Any CPU
		{B9D1CDB6-8FEF-494A-8786-66AE98AAD6B0}.Release|Any CPU.ActiveCfg = Release|Any CPU
		{B9D1CDB6-8FEF-494A-8786-66AE98AAD6B0}.Release|Any CPU.Build.0 = Release|Any CPU
	EndGlobalSection
	GlobalSection(SolutionProperties) = preSolution
		HideSolutionNode = FALSE
	EndGlobalSection
	GlobalSection(ExtensibilityGlobals) = postSolution
		SolutionGuid = {3D06A09E-FBF8-465D-A194-C8C7C4487E82}
	EndGlobalSection
EndGlobal
